{
  "name": "TheNinjaRPG",
  "lockfileVersion": 3,
  "requires": true,
  "packages": {
    "": {
      "dependencies": {
        "honeycomb-grid": "^4.1.5",
        "nanoid": "^5.1.5"
      }
    },
    "node_modules/honeycomb-grid": {
      "version": "4.1.5",
      "resolved": "https://registry.npmjs.org/honeycomb-grid/-/honeycomb-grid-4.1.5.tgz",
      "integrity": "sha512-VrnQwu5dHuzqK3wFhLD9EURmLSyEWb0teiHhDJq6WdK0MrFsEtKNYT1HLzXOLe2X1acU8Y9hhK7wWfIiGK1G5w==",
      "license": "MIT",
      "engines": {
        "node": ">=16"
      }
    },
    "node_modules/nanoid": {
      "version": "5.1.5",
      "resolved": "https://registry.npmjs.org/nanoid/-/nanoid-5.1.5.tgz",
      "integrity": "sha512-Ir/+ZpE9fDsNH0hQ3C68uyThDXzYcim2EqcZ8zn8Chtt1iylPT9xXJB0kPCnqzgcEGikO9RxSrh63MsmVCU7Fw==",
      "funding": [
        {
          "type": "github",
          "url": "https://github.com/sponsors/ai"
        }
      ],
      "license": "MIT",
      "bin": {
        "nanoid": "bin/nanoid.js"
      },
      "engines": {
        "node": "^18 || >=20"
      }
    }
  }
}
