# THIS IS AN AUTOGENERATED FILE. DO NOT EDIT THIS FILE DIRECTLY.
# yarn lockfile v1


"@types/cli-progress@^3.11.0":
  version "3.11.0"
  resolved "https://registry.yarnpkg.com/@types/cli-progress/-/cli-progress-3.11.0.tgz#ec79df99b26757c3d1c7170af8422e0fc95eef7e"
  integrity sha512-XhXhBv1R/q2ahF3BM7qT5HLzJNlIL0wbcGyZVjqOTqAybAnsLisd7gy1UCyIqpL+5Iv6XhlSyzjLCnI2sIdbCg==
  dependencies:
    "@types/node" "*"

"@types/node@*":
  version "20.1.5"
  resolved "https://registry.yarnpkg.com/@types/node/-/node-20.1.5.tgz#e94b604c67fc408f215fcbf3bd84d4743bf7f710"
  integrity sha512-IvGD1CD/nego63ySR7vrAKEX3AJTcmrAN2kn+/sDNLi1Ff5kBzDeEdqWDplK+0HAEoLYej137Sk0cUU8OLOlMg==
